
Microsoft Visual Studio Solution File, Format Version 12.00
# Visual Studio Version 16
VisualStudioVersion = 16.0.29418.71
MinimumVisualStudioVersion = 10.0.40219.1
Project("{9A19103F-16F7-4668-BE54-9A1E7A4F7556}") = "Caching", "Caching\Caching.csproj", "{1BF75893-8498-49A6-8799-1D896E67A7CF}"
EndProject
Project("{9A19103F-16F7-4668-BE54-9A1E7A4F7556}") = "Common", "Common\Common.csproj", "{77061A53-0780-4595-8476-715E2B55C684}"
EndProject
Project("{9A19103F-16F7-4668-BE54-9A1E7A4F7556}") = "Configuration", "Configuration\Configuration.csproj", "{90BD36A3-4995-4868-8ED2-D09DC8C770E8}"
EndProject
Project("{9A19103F-16F7-4668-BE54-9A1E7A4F7556}") = "Logging", "Logging\Logging.csproj", "{16092B27-0E13-466A-B3AF-1F2BD5EBF129}"
EndProject
Project("{9A19103F-16F7-4668-BE54-9A1E7A4F7556}") = "Messaging", "Messaging\Messaging.csproj", "{0A276435-93DA-48EF-B9D0-7D9CFF82EFE7}"
EndProject
Project("{9A19103F-16F7-4668-BE54-9A1E7A4F7556}") = "Security", "Security\Security.csproj", "{B873E4AB-17A3-4CC5-A562-7C1984D1348C}"
EndProject
Project("{9A19103F-16F7-4668-BE54-9A1E7A4F7556}") = "ServiceClient", "ServiceClient\ServiceClient.csproj", "{EE583EFB-4D7A-4C3D-A57F-2CC8840F5FEE}"
EndProject
Project("{9A19103F-16F7-4668-BE54-9A1E7A4F7556}") = "Web", "Web\Web.csproj", "{35A4438B-A3EC-430E-A363-30C2ABD8A125}"
EndProject
Project("{9A19103F-16F7-4668-BE54-9A1E7A4F7556}") = "Web.Service.Models", "Web.Service.Models\Web.Service.Models.csproj", "{8930C143-1777-4A23-8F8C-55D3E04AE9AA}"
EndProject
Project("{2150E333-8FDC-42A3-9474-1A3956D46DE8}") = "Providers", "Providers", "{138B5A96-EE73-4E57-8289-8D743C0983BF}"
EndProject
Project("{9A19103F-16F7-4668-BE54-9A1E7A4F7556}") = "Contracts", "Providers.Contracts\Contracts.csproj", "{5AC2BC16-8A62-40D3-B651-07099CA6FAA3}"
EndProject
Project("{9A19103F-16F7-4668-BE54-9A1E7A4F7556}") = "Authorization", "Providers.Authorization\Authorization.csproj", "{8EB74245-C829-4460-BCA3-C3E5429290CB}"
EndProject
Project("{9A19103F-16F7-4668-BE54-9A1E7A4F7556}") = "Core", "Providers.Core\Core.csproj", "{E5CA16A7-2EDE-49C5-8F4B-A36E2FAFB169}"
EndProject
Project("{9A19103F-16F7-4668-BE54-9A1E7A4F7556}") = "Management", "Providers.Management\Management.csproj", "{D60F63E7-FB0B-4C81-84F9-1B970010BECD}"
EndProject
Project("{9A19103F-16F7-4668-BE54-9A1E7A4F7556}") = "Gateway", "Providers.Gateway\Gateway.csproj", "{1F650536-E398-4A08-A2B0-DF1E635345A3}"
EndProject
Project("{9A19103F-16F7-4668-BE54-9A1E7A4F7556}") = "User", "Providers.User\User.csproj", "{E3049EE9-7028-46F5-84AD-33380114C65A}"
EndProject
Project("{2150E333-8FDC-42A3-9474-1A3956D46DE8}") = "Common", "Common", "{689D8B9C-834F-4C62-ACEA-F269918C6B1F}"
EndProject
Project("{9A19103F-16F7-4668-BE54-9A1E7A4F7556}") = "Base", "Providers.Base\Base.csproj", "{FBFC7D0B-0E7C-48EE-B536-F5C9E5AAF578}"
EndProject
Project("{2150E333-8FDC-42A3-9474-1A3956D46DE8}") = "Data", "Data", "{8AA6C68C-6BEC-4969-9621-7E1658977FAD}"
EndProject
Project("{2150E333-8FDC-42A3-9474-1A3956D46DE8}") = "Common", "Common", "{DBBC4C2B-CED0-4FC2-B41C-EA41715F09E5}"
EndProject
Project("{9A19103F-16F7-4668-BE54-9A1E7A4F7556}") = "Base", "Data.Base\Base.csproj", "{612B99CA-49FF-47E0-90E3-639046296D63}"
EndProject
Project("{9A19103F-16F7-4668-BE54-9A1E7A4F7556}") = "Authorization", "Data.Authorization\Authorization.csproj", "{7717C3E5-A623-4EE3-BF10-75893FB64E0E}"
EndProject
Project("{9A19103F-16F7-4668-BE54-9A1E7A4F7556}") = "Core", "Data.Core\Core.csproj", "{238CD8E3-D142-4763-BE1E-73F97D4D57B0}"
EndProject
Project("{9A19103F-16F7-4668-BE54-9A1E7A4F7556}") = "Management", "Data.Management\Management.csproj", "{4E24C33D-AE4D-4BD6-BF79-20ED9E1178B2}"
EndProject
Project("{9A19103F-16F7-4668-BE54-9A1E7A4F7556}") = "User", "Data.User\User.csproj", "{C6F0129F-21DB-4CFD-9E2B-396C0C81BC24}"
EndProject
Project("{9A19103F-16F7-4668-BE54-9A1E7A4F7556}") = "Web.App", "Web.App\Web.App.csproj", "{13356FCA-6F86-41FF-867B-63F8D03C7957}"
EndProject
Project("{FAE04EC0-301F-11D3-BF4B-00C04F79EFBC}") = "Notifications", "Notifications\Notifications.csproj", "{616F7849-C443-4D82-B4DD-B3C140568E77}"
EndProject
Global
	GlobalSection(SolutionConfigurationPlatforms) = preSolution
		Debug|Any CPU = Debug|Any CPU
		Release|Any CPU = Release|Any CPU
	EndGlobalSection
	GlobalSection(ProjectConfigurationPlatforms) = postSolution
		{1BF75893-8498-49A6-8799-1D896E67A7CF}.Debug|Any CPU.ActiveCfg = Debug|Any CPU
		{1BF75893-8498-49A6-8799-1D896E67A7CF}.Debug|Any CPU.Build.0 = Debug|Any CPU
		{1BF75893-8498-49A6-8799-1D896E67A7CF}.Release|Any CPU.ActiveCfg = Release|Any CPU
		{1BF75893-8498-49A6-8799-1D896E67A7CF}.Release|Any CPU.Build.0 = Release|Any CPU
		{77061A53-0780-4595-8476-715E2B55C684}.Debug|Any CPU.ActiveCfg = Debug|Any CPU
		{77061A53-0780-4595-8476-715E2B55C684}.Debug|Any CPU.Build.0 = Debug|Any CPU
		{77061A53-0780-4595-8476-715E2B55C684}.Release|Any CPU.ActiveCfg = Release|Any CPU
		{77061A53-0780-4595-8476-715E2B55C684}.Release|Any CPU.Build.0 = Release|Any CPU
		{90BD36A3-4995-4868-8ED2-D09DC8C770E8}.Debug|Any CPU.ActiveCfg = Debug|Any CPU
		{90BD36A3-4995-4868-8ED2-D09DC8C770E8}.Debug|Any CPU.Build.0 = Debug|Any CPU
		{90BD36A3-4995-4868-8ED2-D09DC8C770E8}.Release|Any CPU.ActiveCfg = Release|Any CPU
		{90BD36A3-4995-4868-8ED2-D09DC8C770E8}.Release|Any CPU.Build.0 = Release|Any CPU
		{16092B27-0E13-466A-B3AF-1F2BD5EBF129}.Debug|Any CPU.ActiveCfg = Debug|Any CPU
		{16092B27-0E13-466A-B3AF-1F2BD5EBF129}.Debug|Any CPU.Build.0 = Debug|Any CPU
		{16092B27-0E13-466A-B3AF-1F2BD5EBF129}.Release|Any CPU.ActiveCfg = Release|Any CPU
		{16092B27-0E13-466A-B3AF-1F2BD5EBF129}.Release|Any CPU.Build.0 = Release|Any CPU
		{0A276435-93DA-48EF-B9D0-7D9CFF82EFE7}.Debug|Any CPU.ActiveCfg = Debug|Any CPU
		{0A276435-93DA-48EF-B9D0-7D9CFF82EFE7}.Debug|Any CPU.Build.0 = Debug|Any CPU
		{0A276435-93DA-48EF-B9D0-7D9CFF82EFE7}.Release|Any CPU.ActiveCfg = Release|Any CPU
		{0A276435-93DA-48EF-B9D0-7D9CFF82EFE7}.Release|Any CPU.Build.0 = Release|Any CPU
		{B873E4AB-17A3-4CC5-A562-7C1984D1348C}.Debug|Any CPU.ActiveCfg = Debug|Any CPU
		{B873E4AB-17A3-4CC5-A562-7C1984D1348C}.Debug|Any CPU.Build.0 = Debug|Any CPU
		{B873E4AB-17A3-4CC5-A562-7C1984D1348C}.Release|Any CPU.ActiveCfg = Release|Any CPU
		{B873E4AB-17A3-4CC5-A562-7C1984D1348C}.Release|Any CPU.Build.0 = Release|Any CPU
		{EE583EFB-4D7A-4C3D-A57F-2CC8840F5FEE}.Debug|Any CPU.ActiveCfg = Debug|Any CPU
		{EE583EFB-4D7A-4C3D-A57F-2CC8840F5FEE}.Debug|Any CPU.Build.0 = Debug|Any CPU
		{EE583EFB-4D7A-4C3D-A57F-2CC8840F5FEE}.Release|Any CPU.ActiveCfg = Release|Any CPU
		{EE583EFB-4D7A-4C3D-A57F-2CC8840F5FEE}.Release|Any CPU.Build.0 = Release|Any CPU
		{35A4438B-A3EC-430E-A363-30C2ABD8A125}.Debug|Any CPU.ActiveCfg = Debug|Any CPU
		{35A4438B-A3EC-430E-A363-30C2ABD8A125}.Debug|Any CPU.Build.0 = Debug|Any CPU
		{35A4438B-A3EC-430E-A363-30C2ABD8A125}.Release|Any CPU.ActiveCfg = Release|Any CPU
		{35A4438B-A3EC-430E-A363-30C2ABD8A125}.Release|Any CPU.Build.0 = Release|Any CPU
		{8930C143-1777-4A23-8F8C-55D3E04AE9AA}.Debug|Any CPU.ActiveCfg = Debug|Any CPU
		{8930C143-1777-4A23-8F8C-55D3E04AE9AA}.Debug|Any CPU.Build.0 = Debug|Any CPU
		{8930C143-1777-4A23-8F8C-55D3E04AE9AA}.Release|Any CPU.ActiveCfg = Release|Any CPU
		{8930C143-1777-4A23-8F8C-55D3E04AE9AA}.Release|Any CPU.Build.0 = Release|Any CPU
		{5AC2BC16-8A62-40D3-B651-07099CA6FAA3}.Debug|Any CPU.ActiveCfg = Debug|Any CPU
		{5AC2BC16-8A62-40D3-B651-07099CA6FAA3}.Debug|Any CPU.Build.0 = Debug|Any CPU
		{5AC2BC16-8A62-40D3-B651-07099CA6FAA3}.Release|Any CPU.ActiveCfg = Release|Any CPU
		{5AC2BC16-8A62-40D3-B651-07099CA6FAA3}.Release|Any CPU.Build.0 = Release|Any CPU
		{8EB74245-C829-4460-BCA3-C3E5429290CB}.Debug|Any CPU.ActiveCfg = Debug|Any CPU
		{8EB74245-C829-4460-BCA3-C3E5429290CB}.Debug|Any CPU.Build.0 = Debug|Any CPU
		{8EB74245-C829-4460-BCA3-C3E5429290CB}.Release|Any CPU.ActiveCfg = Release|Any CPU
		{8EB74245-C829-4460-BCA3-C3E5429290CB}.Release|Any CPU.Build.0 = Release|Any CPU
		{E5CA16A7-2EDE-49C5-8F4B-A36E2FAFB169}.Debug|Any CPU.ActiveCfg = Debug|Any CPU
		{E5CA16A7-2EDE-49C5-8F4B-A36E2FAFB169}.Debug|Any CPU.Build.0 = Debug|Any CPU
		{E5CA16A7-2EDE-49C5-8F4B-A36E2FAFB169}.Release|Any CPU.ActiveCfg = Release|Any CPU
		{E5CA16A7-2EDE-49C5-8F4B-A36E2FAFB169}.Release|Any CPU.Build.0 = Release|Any CPU
		{D60F63E7-FB0B-4C81-84F9-1B970010BECD}.Debug|Any CPU.ActiveCfg = Debug|Any CPU
		{D60F63E7-FB0B-4C81-84F9-1B970010BECD}.Debug|Any CPU.Build.0 = Debug|Any CPU
		{D60F63E7-FB0B-4C81-84F9-1B970010BECD}.Release|Any CPU.ActiveCfg = Release|Any CPU
		{D60F63E7-FB0B-4C81-84F9-1B970010BECD}.Release|Any CPU.Build.0 = Release|Any CPU
		{1F650536-E398-4A08-A2B0-DF1E635345A3}.Debug|Any CPU.ActiveCfg = Debug|Any CPU
		{1F650536-E398-4A08-A2B0-DF1E635345A3}.Debug|Any CPU.Build.0 = Debug|Any CPU
		{1F650536-E398-4A08-A2B0-DF1E635345A3}.Release|Any CPU.ActiveCfg = Release|Any CPU
		{1F650536-E398-4A08-A2B0-DF1E635345A3}.Release|Any CPU.Build.0 = Release|Any CPU
		{E3049EE9-7028-46F5-84AD-33380114C65A}.Debug|Any CPU.ActiveCfg = Debug|Any CPU
		{E3049EE9-7028-46F5-84AD-33380114C65A}.Debug|Any CPU.Build.0 = Debug|Any CPU
		{E3049EE9-7028-46F5-84AD-33380114C65A}.Release|Any CPU.ActiveCfg = Release|Any CPU
		{E3049EE9-7028-46F5-84AD-33380114C65A}.Release|Any CPU.Build.0 = Release|Any CPU
		{FBFC7D0B-0E7C-48EE-B536-F5C9E5AAF578}.Debug|Any CPU.ActiveCfg = Debug|Any CPU
		{FBFC7D0B-0E7C-48EE-B536-F5C9E5AAF578}.Debug|Any CPU.Build.0 = Debug|Any CPU
		{FBFC7D0B-0E7C-48EE-B536-F5C9E5AAF578}.Release|Any CPU.ActiveCfg = Release|Any CPU
		{FBFC7D0B-0E7C-48EE-B536-F5C9E5AAF578}.Release|Any CPU.Build.0 = Release|Any CPU
		{612B99CA-49FF-47E0-90E3-639046296D63}.Debug|Any CPU.ActiveCfg = Debug|Any CPU
		{612B99CA-49FF-47E0-90E3-639046296D63}.Debug|Any CPU.Build.0 = Debug|Any CPU
		{612B99CA-49FF-47E0-90E3-639046296D63}.Release|Any CPU.ActiveCfg = Release|Any CPU
		{612B99CA-49FF-47E0-90E3-639046296D63}.Release|Any CPU.Build.0 = Release|Any CPU
		{7717C3E5-A623-4EE3-BF10-75893FB64E0E}.Debug|Any CPU.ActiveCfg = Debug|Any CPU
		{7717C3E5-A623-4EE3-BF10-75893FB64E0E}.Debug|Any CPU.Build.0 = Debug|Any CPU
		{7717C3E5-A623-4EE3-BF10-75893FB64E0E}.Release|Any CPU.ActiveCfg = Release|Any CPU
		{7717C3E5-A623-4EE3-BF10-75893FB64E0E}.Release|Any CPU.Build.0 = Release|Any CPU
		{238CD8E3-D142-4763-BE1E-73F97D4D57B0}.Debug|Any CPU.ActiveCfg = Debug|Any CPU
		{238CD8E3-D142-4763-BE1E-73F97D4D57B0}.Debug|Any CPU.Build.0 = Debug|Any CPU
		{238CD8E3-D142-4763-BE1E-73F97D4D57B0}.Release|Any CPU.ActiveCfg = Release|Any CPU
		{238CD8E3-D142-4763-BE1E-73F97D4D57B0}.Release|Any CPU.Build.0 = Release|Any CPU
		{4E24C33D-AE4D-4BD6-BF79-20ED9E1178B2}.Debug|Any CPU.ActiveCfg = Debug|Any CPU
		{4E24C33D-AE4D-4BD6-BF79-20ED9E1178B2}.Debug|Any CPU.Build.0 = Debug|Any CPU
		{4E24C33D-AE4D-4BD6-BF79-20ED9E1178B2}.Release|Any CPU.ActiveCfg = Release|Any CPU
		{4E24C33D-AE4D-4BD6-BF79-20ED9E1178B2}.Release|Any CPU.Build.0 = Release|Any CPU
		{C6F0129F-21DB-4CFD-9E2B-396C0C81BC24}.Debug|Any CPU.ActiveCfg = Debug|Any CPU
		{C6F0129F-21DB-4CFD-9E2B-396C0C81BC24}.Debug|Any CPU.Build.0 = Debug|Any CPU
		{C6F0129F-21DB-4CFD-9E2B-396C0C81BC24}.Release|Any CPU.ActiveCfg = Release|Any CPU
		{C6F0129F-21DB-4CFD-9E2B-396C0C81BC24}.Release|Any CPU.Build.0 = Release|Any CPU
		{13356FCA-6F86-41FF-867B-63F8D03C7957}.Debug|Any CPU.ActiveCfg = Debug|Any CPU
		{13356FCA-6F86-41FF-867B-63F8D03C7957}.Debug|Any CPU.Build.0 = Debug|Any CPU
		{13356FCA-6F86-41FF-867B-63F8D03C7957}.Release|Any CPU.ActiveCfg = Release|Any CPU
		{13356FCA-6F86-41FF-867B-63F8D03C7957}.Release|Any CPU.Build.0 = Release|Any CPU
		{616F7849-C443-4D82-B4DD-B3C140568E77}.Debug|Any CPU.ActiveCfg = Debug|Any CPU
		{616F7849-C443-4D82-B4DD-B3C140568E77}.Debug|Any CPU.Build.0 = Debug|Any CPU
		{616F7849-C443-4D82-B4DD-B3C140568E77}.Release|Any CPU.ActiveCfg = Release|Any CPU
		{616F7849-C443-4D82-B4DD-B3C140568E77}.Release|Any CPU.Build.0 = Release|Any CPU
	EndGlobalSection
	GlobalSection(SolutionProperties) = preSolution
		HideSolutionNode = FALSE
	EndGlobalSection
	GlobalSection(NestedProjects) = preSolution
		{5AC2BC16-8A62-40D3-B651-07099CA6FAA3} = {689D8B9C-834F-4C62-ACEA-F269918C6B1F}
		{8EB74245-C829-4460-BCA3-C3E5429290CB} = {138B5A96-EE73-4E57-8289-8D743C0983BF}
		{E5CA16A7-2EDE-49C5-8F4B-A36E2FAFB169} = {138B5A96-EE73-4E57-8289-8D743C0983BF}
		{D60F63E7-FB0B-4C81-84F9-1B970010BECD} = {138B5A96-EE73-4E57-8289-8D743C0983BF}
		{1F650536-E398-4A08-A2B0-DF1E635345A3} = {138B5A96-EE73-4E57-8289-8D743C0983BF}
		{E3049EE9-7028-46F5-84AD-33380114C65A} = {138B5A96-EE73-4E57-8289-8D743C0983BF}
		{689D8B9C-834F-4C62-ACEA-F269918C6B1F} = {138B5A96-EE73-4E57-8289-8D743C0983BF}
		{FBFC7D0B-0E7C-48EE-B536-F5C9E5AAF578} = {689D8B9C-834F-4C62-ACEA-F269918C6B1F}
		{DBBC4C2B-CED0-4FC2-B41C-EA41715F09E5} = {8AA6C68C-6BEC-4969-9621-7E1658977FAD}
		{612B99CA-49FF-47E0-90E3-639046296D63} = {DBBC4C2B-CED0-4FC2-B41C-EA41715F09E5}
		{7717C3E5-A623-4EE3-BF10-75893FB64E0E} = {8AA6C68C-6BEC-4969-9621-7E1658977FAD}
		{238CD8E3-D142-4763-BE1E-73F97D4D57B0} = {8AA6C68C-6BEC-4969-9621-7E1658977FAD}
		{4E24C33D-AE4D-4BD6-BF79-20ED9E1178B2} = {8AA6C68C-6BEC-4969-9621-7E1658977FAD}
		{C6F0129F-21DB-4CFD-9E2B-396C0C81BC24} = {8AA6C68C-6BEC-4969-9621-7E1658977FAD}
	EndGlobalSection
	GlobalSection(ExtensibilityGlobals) = postSolution
		SolutionGuid = {21B19E67-13B9-48BF-BAFE-DE68B8376881}
	EndGlobalSection
EndGlobal
